// !$*UTF8*$!
{
	archiveVersion = 1;
	classes = {
	};
	objectVersion = 50;
	objects = {

/* Begin PBXBuildFile section */
		68849EEB232AB7FF00F60477 /* AppDelegate.swift in Sources */ = {isa = PBXBuildFile; fileRef = 68849EEA232AB7FF00F60477 /* AppDelegate.swift */; };
		68849EED232AB7FF00F60477 /* ViewController.swift in Sources */ = {isa = PBXBuildFile; fileRef = 68849EEC232AB7FF00F60477 /* ViewController.swift */; };
		68849EF0232AB7FF00F60477 /* Main.storyboard in Resources */ = {isa = PBXBuildFile; fileRef = 68849EEE232AB7FF00F60477 /* Main.storyboard */; };
		68849EF3232AB7FF00F60477 /* machineTest2_3.xcdatamodeld in Sources */ = {isa = PBXBuildFile; fileRef = 68849EF1232AB7FF00F60477 /* machineTest2_3.xcdatamodeld */; };
		68849EF5232AB80900F60477 /* Assets.xcassets in Resources */ = {isa = PBXBuildFile; fileRef = 68849EF4232AB80900F60477 /* Assets.xcassets */; };
		68849EF8232AB80900F60477 /* LaunchScreen.storyboard in Resources */ = {isa = PBXBuildFile; fileRef = 68849EF6232AB80900F60477 /* LaunchScreen.storyboard */; };
		68849F02232AB8B100F60477 /* FlowerTableViewCell.swift in Sources */ = {isa = PBXBuildFile; fileRef = 68849F00232AB8B100F60477 /* FlowerTableViewCell.swift */; };
		68849F03232AB8B100F60477 /* FlowerTableViewCell.xib in Resources */ = {isa = PBXBuildFile; fileRef = 68849F01232AB8B100F60477 /* FlowerTableViewCell.xib */; };
		68849F05232AC47400F60477 /* FlowerHeaderrView.swift in Sources */ = {isa = PBXBuildFile; fileRef = 68849F04232AC47400F60477 /* FlowerHeaderrView.swift */; };
		68849F07232AC48D00F60477 /* FlowerHeaderView.xib in Resources */ = {isa = PBXBuildFile; fileRef = 68849F06232AC48D00F60477 /* FlowerHeaderView.xib */; };
/* End PBXBuildFile section */

/* Begin PBXFileReference section */
		68849EE7232AB7FF00F60477 /* machineTest2.3.app */ = {isa = PBXFileReference; explicitFileType = wrapper.application; includeInIndex = 0; path = machineTest2.3.app; sourceTree = BUILT_PRODUCTS_DIR; };
		68849EEA232AB7FF00F60477 /* AppDelegate.swift */ = {isa = PBXFileReference; lastKnownFileType = sourcecode.swift; path = AppDelegate.swift; sourceTree = "<group>"; };
		68849EEC232AB7FF00F60477 /* ViewController.swift */ = {isa = PBXFileReference; lastKnownFileType = sourcecode.swift; path = ViewController.swift; sourceTree = "<group>"; };
		68849EEF232AB7FF00F60477 /* Base */ = {isa = PBXFileReference; lastKnownFileType = file.storyboard; name = Base; path = Base.lproj/Main.storyboard; sourceTree = "<group>"; };
		68849EF2232AB7FF00F60477 /* machineTest2_3.xcdatamodel */ = {isa = PBXFileReference; lastKnownFileType = wrapper.xcdatamodel; path = machineTest2_3.xcdatamodel; sourceTree = "<group>"; };
		68849EF4232AB80900F60477 /* Assets.xcassets */ = {isa = PBXFileReference; lastKnownFileType = folder.assetcatalog; path = Assets.xcassets; sourceTree = "<group>"; };
		68849EF7232AB80900F60477 /* Base */ = {isa = PBXFileReference; lastKnownFileType = file.storyboard; name = Base; path = Base.lproj/LaunchScreen.storyboard; sourceTree = "<group>"; };
		68849EF9232AB80900F60477 /* Info.plist */ = {isa = PBXFileReference; lastKnownFileType = text.plist.xml; path = Info.plist; sourceTree = "<group>"; };
		68849F00232AB8B100F60477 /* FlowerTableViewCell.swift */ = {isa = PBXFileReference; lastKnownFileType = sourcecode.swift; path = FlowerTableViewCell.swift; sourceTree = "<group>"; };
		68849F01232AB8B100F60477 /* FlowerTableViewCell.xib */ = {isa = PBXFileReference; lastKnownFileType = file.xib; path = FlowerTableViewCell.xib; sourceTree = "<group>"; };
		68849F04232AC47400F60477 /* FlowerHeaderrView.swift */ = {isa = PBXFileReference; lastKnownFileType = sourcecode.swift; path = FlowerHeaderrView.swift; sourceTree = "<group>"; };
		68849F06232AC48D00F60477 /* FlowerHeaderView.xib */ = {isa = PBXFileReference; lastKnownFileType = file.xib; path = FlowerHeaderView.xib; sourceTree = "<group>"; };
/* End PBXFileReference section */

/* Begin PBXFrameworksBuildPhase section */
		68849EE4232AB7FF00F60477 /* Frameworks */ = {
			isa = PBXFrameworksBuildPhase;
			buildActionMask = 2147483647;
			files = (
			);
			runOnlyForDeploymentPostprocessing = 0;
		};
/* End PBXFrameworksBuildPhase section */

/* Begin PBXGroup section */
		68849EDE232AB7FF00F60477 = {
			isa = PBXGroup;
			children = (
				68849EE9232AB7FF00F60477 /* machineTest2.3 */,
				68849EE8232AB7FF00F60477 /* Products */,
			);
			sourceTree = "<group>";
		};
		68849EE8232AB7FF00F60477 /* Products */ = {
			isa = PBXGroup;
			children = (
				68849EE7232AB7FF00F60477 /* machineTest2.3.app */,
			);
			name = Products;
			sourceTree = "<group>";
		};
		68849EE9232AB7FF00F60477 /* machineTest2.3 */ = {
			isa = PBXGroup;
			children = (
				68849EFF232AB88B00F60477 /* flowerCell */,
				68849EEA232AB7FF00F60477 /* AppDelegate.swift */,
				68849EEC232AB7FF00F60477 /* ViewController.swift */,
				68849EEE232AB7FF00F60477 /* Main.storyboard */,
				68849EF4232AB80900F60477 /* Assets.xcassets */,
				68849EF6232AB80900F60477 /* LaunchScreen.storyboard */,
				68849EF9232AB80900F60477 /* Info.plist */,
				68849EF1232AB7FF00F60477 /* machineTest2_3.xcdatamodeld */,
			);
			path = machineTest2.3;
			sourceTree = "<group>";
		};
		68849EFF232AB88B00F60477 /* flowerCell */ = {
			isa = PBXGroup;
			children = (
				68849F00232AB8B100F60477 /* FlowerTableViewCell.swift */,
				68849F01232AB8B100F60477 /* FlowerTableViewCell.xib */,
				68849F04232AC47400F60477 /* FlowerHeaderrView.swift */,
				68849F06232AC48D00F60477 /* FlowerHeaderView.xib */,
			);
			path = flowerCell;
			sourceTree = "<group>";
		};
/* End PBXGroup section */

/* Begin PBXNativeTarget section */
		68849EE6232AB7FF00F60477 /* machineTest2.3 */ = {
			isa = PBXNativeTarget;
			buildConfigurationList = 68849EFC232AB80900F60477 /* Build configuration list for PBXNativeTarget "machineTest2.3" */;
			buildPhases = (
				68849EE3232AB7FF00F60477 /* Sources */,
				68849EE4232AB7FF00F60477 /* Frameworks */,
				68849EE5232AB7FF00F60477 /* Resources */,
			);
			buildRules = (
			);
			dependencies = (
			);
			name = machineTest2.3;
			productName = machineTest2.3;
			productReference = 68849EE7232AB7FF00F60477 /* machineTest2.3.app */;
			productType = "com.apple.product-type.application";
		};
/* End PBXNativeTarget section */

/* Begin PBXProject section */
		68849EDF232AB7FF00F60477 /* Project object */ = {
			isa = PBXProject;
			attributes = {
				LastSwiftUpdateCheck = 1010;
				LastUpgradeCheck = 1010;
				ORGANIZATIONNAME = Apurva;
				TargetAttributes = {
					68849EE6232AB7FF00F60477 = {
						CreatedOnToolsVersion = 10.1;
					};
				};
			};
			buildConfigurationList = 68849EE2232AB7FF00F60477 /* Build configuration list for PBXProject "machineTest2.3" */;
			compatibilityVersion = "Xcode 9.3";
			developmentRegion = en;
			hasScannedForEncodings = 0;
			knownRegions = (
				en,
				Base,
			);
			mainGroup = 68849EDE232AB7FF00F60477;
			productRefGroup = 68849EE8232AB7FF00F60477 /* Products */;
			projectDirPath = "";
			projectRoot = "";
			targets = (
				68849EE6232AB7FF00F60477 /* machineTest2.3 */,
			);
		};
/* End PBXProject section */

/* Begin PBXResourcesBuildPhase section */
		68849EE5232AB7FF00F60477 /* Resources */ = {
			isa = PBXResourcesBuildPhase;
			buildActionMask = 2147483647;
			files = (
				68849F07232AC48D00F60477 /* FlowerHeaderView.xib in Resources */,
				68849EF8232AB80900F60477 /* LaunchScreen.storyboard in Resources */,
				68849EF5232AB80900F60477 /* Assets.xcassets in Resources */,
				68849F03232AB8B100F60477 /* FlowerTableViewCell.xib in Resources */,
				68849EF0232AB7FF00F60477 /* Main.storyboard in Resources */,
			);
			runOnlyForDeploymentPostprocessing = 0;
		};
/* End PBXResourcesBuildPhase section */

/* Begin PBXSourcesBuildPhase section */
		68849EE3232AB7FF00F60477 /* Sources */ = {
			isa = PBXSourcesBuildPhase;
			buildActionMask = 2147483647;
			files = (
				68849EED232AB7FF00F60477 /* ViewController.swift in Sources */,
				68849EEB232AB7FF00F60477 /* AppDelegate.swift in Sources */,
				68849F02232AB8B100F60477 /* FlowerTableViewCell.swift in Sources */,
				68849F05232AC47400F60477 /* FlowerHeaderrView.swift in Sources */,
				68849EF3232AB7FF00F60477 /* machineTest2_3.xcdatamodeld in Sources */,
			);
			runOnlyForDeploymentPostprocessing = 0;
		};
/* End PBXSourcesBuildPhase section */

/* Begin PBXVariantGroup section */
		68849EEE232AB7FF00F60477 /* Main.storyboard */ = {
			isa = PBXVariantGroup;
			children = (
				68849EEF232AB7FF00F60477 /* Base */,
			);
			name = Main.storyboard;
			sourceTree = "<group>";
		};
		68849EF6232AB80900F60477 /* LaunchScreen.storyboard */ = {
			isa = PBXVariantGroup;
			children = (
				68849EF7232AB80900F60477 /* Base */,
			);
			name = LaunchScreen.storyboard;
			sourceTree = "<group>";
		};
/* End PBXVariantGroup section */

/* Begin XCBuildConfiguration section */
		68849EFA232AB80900F60477 /* Debug */ = {
			isa = XCBuildConfiguration;
			buildSettings = {
				ALWAYS_SEARCH_USER_PATHS = NO;
				CLANG_ANALYZER_NONNULL = YES;
				CLANG_ANALYZER_NUMBER_OBJECT_CONVERSION = YES_AGGRESSIVE;
				CLANG_CXX_LANGUAGE_STANDARD = "gnu++14";
				CLANG_CXX_LIBRARY = "libc++";
				CLANG_ENABLE_MODULES = YES;
				CLANG_ENABLE_OBJC_ARC = YES;
				CLANG_ENABLE_OBJC_WEAK = YES;
				CLANG_WARN_BLOCK_CAPTURE_AUTORELEASING = YES;
				CLANG_WARN_BOOL_CONVERSION = YES;
				CLANG_WARN_COMMA = YES;
				CLANG_WARN_CONSTANT_CONVERSION = YES;
				CLANG_WARN_DEPRECATED_OBJC_IMPLEMENTATIONS = YES;
				CLANG_WARN_DIRECT_OBJC_ISA_USAGE = YES_ERROR;
				CLANG_WARN_DOCUMENTATION_COMMENTS = YES;
				CLANG_WARN_EMPTY_BODY = YES;
				CLANG_WARN_ENUM_CONVERSION = YES;
				CLANG_WARN_INFINITE_RECURSION = YES;
				CLANG_WARN_INT_CONVERSION = YES;
				CLANG_WARN_NON_LITERAL_NULL_CONVERSION = YES;
				CLANG_WARN_OBJC_IMPLICIT_RETAIN_SELF = YES;
				CLANG_WARN_OBJC_LITERAL_CONVERSION = YES;
				CLANG_WARN_OBJC_ROOT_CLASS = YES_ERROR;
				CLANG_WARN_RANGE_LOOP_ANALYSIS = YES;
				CLANG_WARN_STRICT_PROTOTYPES = YES;
				CLANG_WARN_SUSPICIOUS_MOVE = YES;
				CLANG_WARN_UNGUARDED_AVAILABILITY = YES_AGGRESSIVE;
				CLANG_WARN_UNREACHABLE_CODE = YES;
				CLANG_WARN__DUPLICATE_METHOD_MATCH = YES;
				CODE_SIGN_IDENTITY = "iPhone Developer";
				COPY_PHASE_STRIP = NO;
				DEBUG_INFORMATION_FORMAT = dwarf;
				ENABLE_STRICT_OBJC_MSGSEND = YES;
				ENABLE_TESTABILITY = YES;
				GCC_C_LANGUAGE_STANDARD = gnu11;
				GCC_DYNAMIC_NO_PIC = NO;
				GCC_NO_COMMON_BLOCKS = YES;
				GCC_OPTIMIZATION_LEVEL = 0;
				GCC_PREPROCESSOR_DEFINITIONS = (
					"DEBUG=1",
					"$(inherited)",
				);
				GCC_WARN_64_TO_32_BIT_CONVERSION = YES;
				GCC_WARN_ABOUT_RETURN_TYPE = YES_ERROR;
				GCC_WARN_UNDECLARED_SELECTOR = YES;
				GCC_WARN_UNINITIALIZED_AUTOS = YES_AGGRESSIVE;
				GCC_WARN_UNUSED_FUNCTION = YES;
				GCC_WARN_UNUSED_VARIABLE = YES;
				IPHONEOS_DEPLOYMENT_TARGET = 12.1;
				MTL_ENABLE_DEBUG_INFO = INCLUDE_SOURCE;
				MTL_FAST_MATH = YES;
				ONLY_ACTIVE_ARCH = YES;
				SDKROOT = iphoneos;
				SWIFT_ACTIVE_COMPILATION_CONDITIONS = DEBUG;
				SWIFT_OPTIMIZATION_LEVEL = "-Onone";
			};
			name = Debug;
		};
		68849EFB232AB80900F60477 /* Release */ = {
			isa = XCBuildConfiguration;
			buildSettings = {
				ALWAYS_SEARCH_USER_PATHS = NO;
				CLANG_ANALYZER_NONNULL = YES;
				CLANG_ANALYZER_NUMBER_OBJECT_CONVERSION = YES_AGGRESSIVE;
				CLANG_CXX_LANGUAGE_STANDARD = "gnu++14";
				CLANG_CXX_LIBRARY = "libc++";
				CLANG_ENABLE_MODULES = YES;
				CLANG_ENABLE_OBJC_ARC = YES;
				CLANG_ENABLE_OBJC_WEAK = YES;
				CLANG_WARN_BLOCK_CAPTURE_AUTORELEASING = YES;
				CLANG_WARN_BOOL_CONVERSION = YES;
				CLANG_WARN_COMMA = YES;
				CLANG_WARN_CONSTANT_CONVERSION = YES;
				CLANG_WARN_DEPRECATED_OBJC_IMPLEMENTATIONS = YES;
				CLANG_WARN_DIRECT_OBJC_ISA_USAGE = YES_ERROR;
				CLANG_WARN_DOCUMENTATION_COMMENTS = YES;
				CLANG_WARN_EMPTY_BODY = YES;
				CLANG_WARN_ENUM_CONVERSION = YES;
				CLANG_WARN_INFINITE_RECURSION = YES;
				CLANG_WARN_INT_CONVERSION = YES;
				CLANG_WARN_NON_LITERAL_NULL_CONVERSION = YES;
				CLANG_WARN_OBJC_IMPLICIT_RETAIN_SELF = YES;
				CLANG_WARN_OBJC_LITERAL_CONVERSION = YES;
				CLANG_WARN_OBJC_ROOT_CLASS = YES_ERROR;
				CLANG_WARN_RANGE_LOOP_ANALYSIS = YES;
				CLANG_WARN_STRICT_PROTOTYPES = YES;
				CLANG_WARN_SUSPICIOUS_MOVE = YES;
				CLANG_WARN_UNGUARDED_AVAILABILITY = YES_AGGRESSIVE;
				CLANG_WARN_UNREACHABLE_CODE = YES;
				CLANG_WARN__DUPLICATE_METHOD_MATCH = YES;
				CODE_SIGN_IDENTITY = "iPhone Developer";
				COPY_PHASE_STRIP = NO;
				DEBUG_INFORMATION_FORMAT = "dwarf-with-dsym";
				ENABLE_NS_ASSERTIONS = NO;
				ENABLE_STRICT_OBJC_MSGSEND = YES;
				GCC_C_LANGUAGE_STANDARD = gnu11;
				GCC_NO_COMMON_BLOCKS = YES;
				GCC_WARN_64_TO_32_BIT_CONVERSION = YES;
				GCC_WARN_ABOUT_RETURN_TYPE = YES_ERROR;
				GCC_WARN_UNDECLARED_SELECTOR = YES;
				GCC_WARN_UNINITIALIZED_AUTOS = YES_AGGRESSIVE;
				GCC_WARN_UNUSED_FUNCTION = YES;
				GCC_WARN_UNUSED_VARIABLE = YES;
				IPHONEOS_DEPLOYMENT_TARGET = 12.1;
				MTL_ENABLE_DEBUG_INFO = NO;
				MTL_FAST_MATH = YES;
				SDKROOT = iphoneos;
				SWIFT_COMPILATION_MODE = wholemodule;
				SWIFT_OPTIMIZATION_LEVEL = "-O";
				VALIDATE_PRODUCT = YES;
			};
			name = Release;
		};
		68849EFD232AB80900F60477 /* Debug */ = {
			isa = XCBuildConfiguration;
			buildSettings = {
				ASSETCATALOG_COMPILER_APPICON_NAME = AppIcon;
				CODE_SIGN_STYLE = Automatic;
				DEVELOPMENT_TEAM = T4735A73T7;
				INFOPLIST_FILE = machineTest2.3/Info.plist;
				LD_RUNPATH_SEARCH_PATHS = (
					"$(inherited)",
					"@executable_path/Frameworks",
				);
				PRODUCT_BUNDLE_IDENTIFIER = "com.apurvanshul.machineTest2-3";
				PRODUCT_NAME = "$(TARGET_NAME)";
				SWIFT_VERSION = 4.2;
				TARGETED_DEVICE_FAMILY = "1,2";
			};
			name = Debug;
		};
		68849EFE232AB80900F60477 /* Release */ = {
			isa = XCBuildConfiguration;
			buildSettings = {
				ASSETCATALOG_COMPILER_APPICON_NAME = AppIcon;
				CODE_SIGN_STYLE = Automatic;
				DEVELOPMENT_TEAM = T4735A73T7;
				INFOPLIST_FILE = machineTest2.3/Info.plist;
				LD_RUNPATH_SEARCH_PATHS = (
					"$(inherited)",
					"@executable_path/Frameworks",
				);
				PRODUCT_BUNDLE_IDENTIFIER = "com.apurvanshul.machineTest2-3";
				PRODUCT_NAME = "$(TARGET_NAME)";
				SWIFT_VERSION = 4.2;
				TARGETED_DEVICE_FAMILY = "1,2";
			};
			name = Release;
		};
/* End XCBuildConfiguration section */

/* Begin XCConfigurationList section */
		68849EE2232AB7FF00F60477 /* Build configuration list for PBXProject "machineTest2.3" */ = {
			isa = XCConfigurationList;
			buildConfigurations = (
				68849EFA232AB80900F60477 /* Debug */,
				68849EFB232AB80900F60477 /* Release */,
			);
			defaultConfigurationIsVisible = 0;
			defaultConfigurationName = Release;
		};
		68849EFC232AB80900F60477 /* Build configuration list for PBXNativeTarget "machineTest2.3" */ = {
			isa = XCConfigurationList;
			buildConfigurations = (
				68849EFD232AB80900F60477 /* Debug */,
				68849EFE232AB80900F60477 /* Release */,
			);
			defaultConfigurationIsVisible = 0;
			defaultConfigurationName = Release;
		};
/* End XCConfigurationList section */

/* Begin XCVersionGroup section */
		68849EF1232AB7FF00F60477 /* machineTest2_3.xcdatamodeld */ = {
			isa = XCVersionGroup;
			children = (
				68849EF2232AB7FF00F60477 /* machineTest2_3.xcdatamodel */,
			);
			currentVersion = 68849EF2232AB7FF00F60477 /* machineTest2_3.xcdatamodel */;
			path = machineTest2_3.xcdatamodeld;
			sourceTree = "<group>";
			versionGroupType = wrapper.xcdatamodel;
		};
/* End XCVersionGroup section */
	};
	rootObject = 68849EDF232AB7FF00F60477 /* Project object */;
}
